
Microsoft Visual Studio Solution File, Format Version 12.00
# Visual Studio Version 17
VisualStudioVersion = 17.8.34511.84
MinimumVisualStudioVersion = 10.0.40219.1
Project("{2150E333-8FDC-42A3-9474-1A3956D46DE8}") = "Solution Items", "Solution Items", "{920FB55F-377A-4DD8-A77E-83621889B16F}"
	ProjectSection(SolutionItems) = preProject
		.gitignore = .gitignore
		CustomDictionary.xml = CustomDictionary.xml
		LICENSE = LICENSE
		README.md = README.md
	EndProjectSection
EndProject
Project("{9A19103F-16F7-4668-BE54-9A1E7A4F7556}") = "LiquidNun", "src\LiquidNun\LiquidNun.csproj", "{B18890AC-FCA7-4729-9144-E3108075D154}"
EndProject
Project("{2150E333-8FDC-42A3-9474-1A3956D46DE8}") = "src", "src", "{A09ED186-E52D-43DD-B6C0-62BD3870B9D3}"
EndProject
Project("{2150E333-8FDC-42A3-9474-1A3956D46DE8}") = "tst", "tst", "{5B90FF6D-DA31-4B01-935A-1BCC12132C77}"
EndProject
Project("{9A19103F-16F7-4668-BE54-9A1E7A4F7556}") = "LiquidNun.Timing.Threads", "src\LiquidNun.Timing.Threads\LiquidNun.Timing.Threads.csproj", "{D5EDCEF2-1DE0-4018-8A17-7CA8BA4B990B}"
EndProject
Project("{9A19103F-16F7-4668-BE54-9A1E7A4F7556}") = "LiquidNun.Timing.Threads.Test", "tst\LiquidNun.Timing.Threads.Test\LiquidNun.Timing.Threads.Test.csproj", "{D9F3A07A-949E-4B08-8596-44204FACCA7A}"
EndProject
Project("{9A19103F-16F7-4668-BE54-9A1E7A4F7556}") = "LiquidNun.Logging.Stdout", "src\LiquidNun.Logging.Stdout\LiquidNun.Logging.Stdout.csproj", "{877FF87C-663D-47C4-A69B-F812F11DD3FD}"
EndProject
Project("{9A19103F-16F7-4668-BE54-9A1E7A4F7556}") = "LiquidNun.Directory.FileSystem", "src\LiquidNun.Directory.FileSystem\LiquidNun.Directory.FileSystem.csproj", "{67E79DD2-04F6-4364-924D-DCD98B0F5E17}"
EndProject
Project("{9A19103F-16F7-4668-BE54-9A1E7A4F7556}") = "LiquidNun.Logging.XUnit", "src\LiquidNun.Logging.XUnit\LiquidNun.Logging.XUnit.csproj", "{FE66ED16-B273-44E4-BBD1-BF0661C04AAC}"
EndProject
Project("{9A19103F-16F7-4668-BE54-9A1E7A4F7556}") = "LiquidNun.Logging.XUnit.Test", "tst\LiquidNun.Logging.XUnit.Test\LiquidNun.Logging.XUnit.Test.csproj", "{EB9D6776-B51E-4521-AC33-0A59B40F98F7}"
EndProject
Project("{9A19103F-16F7-4668-BE54-9A1E7A4F7556}") = "LiquidNun.Logging.Stream", "src\LiquidNun.Logging.Stream\LiquidNun.Logging.Stream.csproj", "{3CE346B1-C1E6-4BDE-B361-4303E4F731C4}"
EndProject
Project("{9A19103F-16F7-4668-BE54-9A1E7A4F7556}") = "LiquidNun.HttpClient.Native", "src\LiquidNun.HttpClient.Native\LiquidNun.HttpClient.Native.csproj", "{ACF9D8BA-C4BD-4498-AE21-45F7F869D2A5}"
EndProject
Project("{9A19103F-16F7-4668-BE54-9A1E7A4F7556}") = "LiquidNun.HttpClient.Native.Test", "tst\LiquidNun.HttpClient.Native.Test\LiquidNun.HttpClient.Native.Test.csproj", "{1F779091-DD8A-425B-A571-9308DE07FBCA}"
EndProject
Project("{9A19103F-16F7-4668-BE54-9A1E7A4F7556}") = "LiquidNun.Directory.FileSystem.Test", "tst\LiquidNun.Directory.FileSystem.Test\LiquidNun.Directory.FileSystem.Test.csproj", "{10D0C686-6A9F-4E6F-984E-658327B3D813}"
EndProject
Project("{9A19103F-16F7-4668-BE54-9A1E7A4F7556}") = "LiquidNun.Logging.Stream.Test", "tst\LiquidNun.Logging.Stream.Test\LiquidNun.Logging.Stream.Test.csproj", "{761409FD-6683-4F15-B6DB-E134D0A82C27}"
EndProject
Project("{2150E333-8FDC-42A3-9474-1A3956D46DE8}") = "Directory", "Directory", "{D4A35E9E-9A59-4B40-AF3E-96D2C01D73B5}"
EndProject
Project("{2150E333-8FDC-42A3-9474-1A3956D46DE8}") = "Logging", "Logging", "{39AF4310-BFA6-4CE6-B346-1EAECF53780A}"
EndProject
Project("{2150E333-8FDC-42A3-9474-1A3956D46DE8}") = "Timing", "Timing", "{3086187D-133E-4A65-A0CC-5157B55092CE}"
EndProject
Project("{2150E333-8FDC-42A3-9474-1A3956D46DE8}") = "Logging", "Logging", "{14FA3B8A-ABD1-4433-9DD9-538044B4F8A7}"
EndProject
Project("{2150E333-8FDC-42A3-9474-1A3956D46DE8}") = "Timing", "Timing", "{4EA5CFC7-8FFF-4C97-B3D7-B1218BA92D1D}"
EndProject
Project("{2150E333-8FDC-42A3-9474-1A3956D46DE8}") = "Directory", "Directory", "{CC9625B5-E030-44ED-8D05-5A6EBD7247C6}"
EndProject
Project("{2150E333-8FDC-42A3-9474-1A3956D46DE8}") = "HttpClient", "HttpClient", "{9871A6C9-1769-4792-90CC-0671AE040884}"
EndProject
Project("{2150E333-8FDC-42A3-9474-1A3956D46DE8}") = "HttpClient", "HttpClient", "{5E0F4AF8-7598-4D37-9FDC-0C6E0528293C}"
EndProject
Project("{2150E333-8FDC-42A3-9474-1A3956D46DE8}") = "Email", "Email", "{2B85D4E1-13CE-4C2E-A9D6-6D0B06E75677}"
EndProject
Project("{FAE04EC0-301F-11D3-BF4B-00C04F79EFBC}") = "LiquidNun.EmailClient.HtmlWithBasicAuth", "src\LiquidNun.EmailClient.HtmlWithBasicAuth\LiquidNun.EmailClient.HtmlWithBasicAuth.csproj", "{4F0CFA5E-BDC4-476E-9FAF-FDDF06A5D9F8}"
EndProject
Global
	GlobalSection(SolutionConfigurationPlatforms) = preSolution
		Debug|Any CPU = Debug|Any CPU
		Release|Any CPU = Release|Any CPU
	EndGlobalSection
	GlobalSection(ProjectConfigurationPlatforms) = postSolution
		{B18890AC-FCA7-4729-9144-E3108075D154}.Debug|Any CPU.ActiveCfg = Debug|Any CPU
		{B18890AC-FCA7-4729-9144-E3108075D154}.Debug|Any CPU.Build.0 = Debug|Any CPU
		{B18890AC-FCA7-4729-9144-E3108075D154}.Release|Any CPU.ActiveCfg = Release|Any CPU
		{B18890AC-FCA7-4729-9144-E3108075D154}.Release|Any CPU.Build.0 = Release|Any CPU
		{D5EDCEF2-1DE0-4018-8A17-7CA8BA4B990B}.Debug|Any CPU.ActiveCfg = Debug|Any CPU
		{D5EDCEF2-1DE0-4018-8A17-7CA8BA4B990B}.Debug|Any CPU.Build.0 = Debug|Any CPU
		{D5EDCEF2-1DE0-4018-8A17-7CA8BA4B990B}.Release|Any CPU.ActiveCfg = Release|Any CPU
		{D5EDCEF2-1DE0-4018-8A17-7CA8BA4B990B}.Release|Any CPU.Build.0 = Release|Any CPU
		{D9F3A07A-949E-4B08-8596-44204FACCA7A}.Debug|Any CPU.ActiveCfg = Debug|Any CPU
		{D9F3A07A-949E-4B08-8596-44204FACCA7A}.Debug|Any CPU.Build.0 = Debug|Any CPU
		{D9F3A07A-949E-4B08-8596-44204FACCA7A}.Release|Any CPU.ActiveCfg = Release|Any CPU
		{D9F3A07A-949E-4B08-8596-44204FACCA7A}.Release|Any CPU.Build.0 = Release|Any CPU
		{877FF87C-663D-47C4-A69B-F812F11DD3FD}.Debug|Any CPU.ActiveCfg = Debug|Any CPU
		{877FF87C-663D-47C4-A69B-F812F11DD3FD}.Debug|Any CPU.Build.0 = Debug|Any CPU
		{877FF87C-663D-47C4-A69B-F812F11DD3FD}.Release|Any CPU.ActiveCfg = Release|Any CPU
		{877FF87C-663D-47C4-A69B-F812F11DD3FD}.Release|Any CPU.Build.0 = Release|Any CPU
		{67E79DD2-04F6-4364-924D-DCD98B0F5E17}.Debug|Any CPU.ActiveCfg = Debug|Any CPU
		{67E79DD2-04F6-4364-924D-DCD98B0F5E17}.Debug|Any CPU.Build.0 = Debug|Any CPU
		{67E79DD2-04F6-4364-924D-DCD98B0F5E17}.Release|Any CPU.ActiveCfg = Release|Any CPU
		{67E79DD2-04F6-4364-924D-DCD98B0F5E17}.Release|Any CPU.Build.0 = Release|Any CPU
		{FE66ED16-B273-44E4-BBD1-BF0661C04AAC}.Debug|Any CPU.ActiveCfg = Debug|Any CPU
		{FE66ED16-B273-44E4-BBD1-BF0661C04AAC}.Debug|Any CPU.Build.0 = Debug|Any CPU
		{FE66ED16-B273-44E4-BBD1-BF0661C04AAC}.Release|Any CPU.ActiveCfg = Release|Any CPU
		{FE66ED16-B273-44E4-BBD1-BF0661C04AAC}.Release|Any CPU.Build.0 = Release|Any CPU
		{EB9D6776-B51E-4521-AC33-0A59B40F98F7}.Debug|Any CPU.ActiveCfg = Debug|Any CPU
		{EB9D6776-B51E-4521-AC33-0A59B40F98F7}.Debug|Any CPU.Build.0 = Debug|Any CPU
		{EB9D6776-B51E-4521-AC33-0A59B40F98F7}.Release|Any CPU.ActiveCfg = Release|Any CPU
		{EB9D6776-B51E-4521-AC33-0A59B40F98F7}.Release|Any CPU.Build.0 = Release|Any CPU
		{3CE346B1-C1E6-4BDE-B361-4303E4F731C4}.Debug|Any CPU.ActiveCfg = Debug|Any CPU
		{3CE346B1-C1E6-4BDE-B361-4303E4F731C4}.Debug|Any CPU.Build.0 = Debug|Any CPU
		{3CE346B1-C1E6-4BDE-B361-4303E4F731C4}.Release|Any CPU.ActiveCfg = Release|Any CPU
		{3CE346B1-C1E6-4BDE-B361-4303E4F731C4}.Release|Any CPU.Build.0 = Release|Any CPU
		{ACF9D8BA-C4BD-4498-AE21-45F7F869D2A5}.Debug|Any CPU.ActiveCfg = Debug|Any CPU
		{ACF9D8BA-C4BD-4498-AE21-45F7F869D2A5}.Debug|Any CPU.Build.0 = Debug|Any CPU
		{ACF9D8BA-C4BD-4498-AE21-45F7F869D2A5}.Release|Any CPU.ActiveCfg = Release|Any CPU
		{ACF9D8BA-C4BD-4498-AE21-45F7F869D2A5}.Release|Any CPU.Build.0 = Release|Any CPU
		{1F779091-DD8A-425B-A571-9308DE07FBCA}.Debug|Any CPU.ActiveCfg = Debug|Any CPU
		{1F779091-DD8A-425B-A571-9308DE07FBCA}.Debug|Any CPU.Build.0 = Debug|Any CPU
		{1F779091-DD8A-425B-A571-9308DE07FBCA}.Release|Any CPU.ActiveCfg = Release|Any CPU
		{1F779091-DD8A-425B-A571-9308DE07FBCA}.Release|Any CPU.Build.0 = Release|Any CPU
		{10D0C686-6A9F-4E6F-984E-658327B3D813}.Debug|Any CPU.ActiveCfg = Debug|Any CPU
		{10D0C686-6A9F-4E6F-984E-658327B3D813}.Debug|Any CPU.Build.0 = Debug|Any CPU
		{10D0C686-6A9F-4E6F-984E-658327B3D813}.Release|Any CPU.ActiveCfg = Release|Any CPU
		{10D0C686-6A9F-4E6F-984E-658327B3D813}.Release|Any CPU.Build.0 = Release|Any CPU
		{761409FD-6683-4F15-B6DB-E134D0A82C27}.Debug|Any CPU.ActiveCfg = Debug|Any CPU
		{761409FD-6683-4F15-B6DB-E134D0A82C27}.Debug|Any CPU.Build.0 = Debug|Any CPU
		{761409FD-6683-4F15-B6DB-E134D0A82C27}.Release|Any CPU.ActiveCfg = Release|Any CPU
		{761409FD-6683-4F15-B6DB-E134D0A82C27}.Release|Any CPU.Build.0 = Release|Any CPU
		{4F0CFA5E-BDC4-476E-9FAF-FDDF06A5D9F8}.Debug|Any CPU.ActiveCfg = Debug|Any CPU
		{4F0CFA5E-BDC4-476E-9FAF-FDDF06A5D9F8}.Debug|Any CPU.Build.0 = Debug|Any CPU
		{4F0CFA5E-BDC4-476E-9FAF-FDDF06A5D9F8}.Release|Any CPU.ActiveCfg = Release|Any CPU
		{4F0CFA5E-BDC4-476E-9FAF-FDDF06A5D9F8}.Release|Any CPU.Build.0 = Release|Any CPU
	EndGlobalSection
	GlobalSection(SolutionProperties) = preSolution
		HideSolutionNode = FALSE
	EndGlobalSection
	GlobalSection(NestedProjects) = preSolution
		{B18890AC-FCA7-4729-9144-E3108075D154} = {A09ED186-E52D-43DD-B6C0-62BD3870B9D3}
		{D5EDCEF2-1DE0-4018-8A17-7CA8BA4B990B} = {3086187D-133E-4A65-A0CC-5157B55092CE}
		{D9F3A07A-949E-4B08-8596-44204FACCA7A} = {4EA5CFC7-8FFF-4C97-B3D7-B1218BA92D1D}
		{877FF87C-663D-47C4-A69B-F812F11DD3FD} = {39AF4310-BFA6-4CE6-B346-1EAECF53780A}
		{67E79DD2-04F6-4364-924D-DCD98B0F5E17} = {D4A35E9E-9A59-4B40-AF3E-96D2C01D73B5}
		{FE66ED16-B273-44E4-BBD1-BF0661C04AAC} = {39AF4310-BFA6-4CE6-B346-1EAECF53780A}
		{EB9D6776-B51E-4521-AC33-0A59B40F98F7} = {14FA3B8A-ABD1-4433-9DD9-538044B4F8A7}
		{3CE346B1-C1E6-4BDE-B361-4303E4F731C4} = {39AF4310-BFA6-4CE6-B346-1EAECF53780A}
		{ACF9D8BA-C4BD-4498-AE21-45F7F869D2A5} = {5E0F4AF8-7598-4D37-9FDC-0C6E0528293C}
		{1F779091-DD8A-425B-A571-9308DE07FBCA} = {9871A6C9-1769-4792-90CC-0671AE040884}
		{10D0C686-6A9F-4E6F-984E-658327B3D813} = {CC9625B5-E030-44ED-8D05-5A6EBD7247C6}
		{761409FD-6683-4F15-B6DB-E134D0A82C27} = {14FA3B8A-ABD1-4433-9DD9-538044B4F8A7}
		{D4A35E9E-9A59-4B40-AF3E-96D2C01D73B5} = {A09ED186-E52D-43DD-B6C0-62BD3870B9D3}
		{39AF4310-BFA6-4CE6-B346-1EAECF53780A} = {A09ED186-E52D-43DD-B6C0-62BD3870B9D3}
		{3086187D-133E-4A65-A0CC-5157B55092CE} = {A09ED186-E52D-43DD-B6C0-62BD3870B9D3}
		{14FA3B8A-ABD1-4433-9DD9-538044B4F8A7} = {5B90FF6D-DA31-4B01-935A-1BCC12132C77}
		{4EA5CFC7-8FFF-4C97-B3D7-B1218BA92D1D} = {5B90FF6D-DA31-4B01-935A-1BCC12132C77}
		{CC9625B5-E030-44ED-8D05-5A6EBD7247C6} = {5B90FF6D-DA31-4B01-935A-1BCC12132C77}
		{9871A6C9-1769-4792-90CC-0671AE040884} = {5B90FF6D-DA31-4B01-935A-1BCC12132C77}
		{5E0F4AF8-7598-4D37-9FDC-0C6E0528293C} = {A09ED186-E52D-43DD-B6C0-62BD3870B9D3}
		{2B85D4E1-13CE-4C2E-A9D6-6D0B06E75677} = {A09ED186-E52D-43DD-B6C0-62BD3870B9D3}
		{4F0CFA5E-BDC4-476E-9FAF-FDDF06A5D9F8} = {2B85D4E1-13CE-4C2E-A9D6-6D0B06E75677}
	EndGlobalSection
	GlobalSection(ExtensibilityGlobals) = postSolution
		SolutionGuid = {149EC20A-C436-4604-B05D-8968169E83FB}
	EndGlobalSection
EndGlobal
