
Microsoft Visual Studio Solution File, Format Version 12.00
# Visual Studio 14
VisualStudioVersion = 14.0.23107.0
MinimumVisualStudioVersion = 10.0.40219.1
Project("{FAE04EC0-301F-11D3-BF4B-00C04F79EFBC}") = "LiquidNun", "LiquidNun\LiquidNun.csproj", "{30701C7D-F735-42AC-BBFA-A021947A7640}"
EndProject
Project("{2150E333-8FDC-42A3-9474-1A3956D46DE8}") = "Solution Items", "Solution Items", "{D8CC46EE-2E81-4F83-AF75-4D4EBF20F734}"
	ProjectSection(SolutionItems) = preProject
		CustomDictionary.xml = CustomDictionary.xml
	EndProjectSection
EndProject
Project("{2150E333-8FDC-42A3-9474-1A3956D46DE8}") = "Logging Providers", "Logging Providers", "{D0CAB989-8866-4A5F-AE47-442B7D44F2C3}"
EndProject
Project("{FAE04EC0-301F-11D3-BF4B-00C04F79EFBC}") = "LiquidNun.Logging.TestContext.Test", "LiquidNun.Logging.TestContext.Test\LiquidNun.Logging.TestContext.Test.csproj", "{8509463E-F493-43B6-80DE-CA7C3F273E45}"
EndProject
Project("{FAE04EC0-301F-11D3-BF4B-00C04F79EFBC}") = "LiquidNun.Logging.TestContext", "LiquidNun.Logging.TestContext\LiquidNun.Logging.TestContext.csproj", "{A7C6B06E-6319-438D-8ED2-9A335FFD078E}"
EndProject
Project("{2150E333-8FDC-42A3-9474-1A3956D46DE8}") = "Timing Providers", "Timing Providers", "{13240069-4D2F-4D81-BD7C-AEDBED113AC0}"
EndProject
Project("{FAE04EC0-301F-11D3-BF4B-00C04F79EFBC}") = "LiquidNun.Timing.Threading", "LiquidNun.Timing.Threading\LiquidNun.Timing.Threading.csproj", "{E1A064A4-5D88-4574-BDC1-AC0F33FE16C2}"
EndProject
Global
	GlobalSection(SolutionConfigurationPlatforms) = preSolution
		Debug|Any CPU = Debug|Any CPU
		Release|Any CPU = Release|Any CPU
	EndGlobalSection
	GlobalSection(ProjectConfigurationPlatforms) = postSolution
		{30701C7D-F735-42AC-BBFA-A021947A7640}.Debug|Any CPU.ActiveCfg = Debug|Any CPU
		{30701C7D-F735-42AC-BBFA-A021947A7640}.Debug|Any CPU.Build.0 = Debug|Any CPU
		{30701C7D-F735-42AC-BBFA-A021947A7640}.Release|Any CPU.ActiveCfg = Release|Any CPU
		{30701C7D-F735-42AC-BBFA-A021947A7640}.Release|Any CPU.Build.0 = Release|Any CPU
		{8509463E-F493-43B6-80DE-CA7C3F273E45}.Debug|Any CPU.ActiveCfg = Debug|Any CPU
		{8509463E-F493-43B6-80DE-CA7C3F273E45}.Debug|Any CPU.Build.0 = Debug|Any CPU
		{8509463E-F493-43B6-80DE-CA7C3F273E45}.Release|Any CPU.ActiveCfg = Release|Any CPU
		{8509463E-F493-43B6-80DE-CA7C3F273E45}.Release|Any CPU.Build.0 = Release|Any CPU
		{A7C6B06E-6319-438D-8ED2-9A335FFD078E}.Debug|Any CPU.ActiveCfg = Debug|Any CPU
		{A7C6B06E-6319-438D-8ED2-9A335FFD078E}.Debug|Any CPU.Build.0 = Debug|Any CPU
		{A7C6B06E-6319-438D-8ED2-9A335FFD078E}.Release|Any CPU.ActiveCfg = Release|Any CPU
		{A7C6B06E-6319-438D-8ED2-9A335FFD078E}.Release|Any CPU.Build.0 = Release|Any CPU
		{E1A064A4-5D88-4574-BDC1-AC0F33FE16C2}.Debug|Any CPU.ActiveCfg = Debug|Any CPU
		{E1A064A4-5D88-4574-BDC1-AC0F33FE16C2}.Debug|Any CPU.Build.0 = Debug|Any CPU
		{E1A064A4-5D88-4574-BDC1-AC0F33FE16C2}.Release|Any CPU.ActiveCfg = Release|Any CPU
		{E1A064A4-5D88-4574-BDC1-AC0F33FE16C2}.Release|Any CPU.Build.0 = Release|Any CPU
	EndGlobalSection
	GlobalSection(SolutionProperties) = preSolution
		HideSolutionNode = FALSE
	EndGlobalSection
	GlobalSection(NestedProjects) = preSolution
		{8509463E-F493-43B6-80DE-CA7C3F273E45} = {D0CAB989-8866-4A5F-AE47-442B7D44F2C3}
		{A7C6B06E-6319-438D-8ED2-9A335FFD078E} = {D0CAB989-8866-4A5F-AE47-442B7D44F2C3}
		{E1A064A4-5D88-4574-BDC1-AC0F33FE16C2} = {13240069-4D2F-4D81-BD7C-AEDBED113AC0}
	EndGlobalSection
EndGlobal
